PODS:
  - iPaySDK (0.1.2):
    - SVProgressHUD
  - SVProgressHUD (2.2.5)

DEPENDENCIES:
  - iPaySDK (from `../`)

SPEC REPOS:
  https://github.com/cocoapods/specs.git:
    - SVProgressHUD

EXTERNAL SOURCES:
  iPaySDK:
    :path: "../"

SPEC CHECKSUMS:
  iPaySDK: 314d72fc44fa6ce36f2b1317c9bc99cbcc373ac6
  SVProgressHUD: 1428aafac632c1f86f62aa4243ec12008d7a51d6

PODFILE CHECKSUM: 6746032b6a5a3308505e19b010564d13d38e210e

COCOAPODS: 1.5.3
